
Microsoft Visual Studio Solution File, Format Version 12.00
# Visual Studio 2013
VisualStudioVersion = 12.0.31101.0
MinimumVisualStudioVersion = 10.0.40219.1
Project("{FAE04EC0-301F-11D3-BF4B-00C04F79EFBC}") = "AudioBooker", "AudioBooker\AudioBooker.csproj", "{C06382A6-4B4B-437B-BE29-7B2CDB04CA42}"
EndProject
Project("{FAE04EC0-301F-11D3-BF4B-00C04F79EFBC}") = "ConsoleTests", "ConsoleTests\ConsoleTests.csproj", "{77E71D67-34DE-44CF-9B63-8B9EFF269A93}"
EndProject
Project("{FAE04EC0-301F-11D3-BF4B-00C04F79EFBC}") = "AudioBooker.classes", "AudioBooker.classes\AudioBooker.classes.csproj", "{F1697B79-5B17-4B6A-91DB-89691DFE8440}"
EndProject
Project("{FAE04EC0-301F-11D3-BF4B-00C04F79EFBC}") = "IlyaFranker", "IlyaFranker\IlyaFranker.csproj", "{5475E839-87BD-4605-866D-39B92C582669}"
EndProject
Project("{FAE04EC0-301F-11D3-BF4B-00C04F79EFBC}") = "Audiobooker.controls", "AudioBooker.controls\Audiobooker.controls.csproj", "{56984D81-8213-4A4F-8438-3CD507A69EC8}"
EndProject
Global
	GlobalSection(SolutionConfigurationPlatforms) = preSolution
		Debug|Any CPU = Debug|Any CPU
		Debug|Mixed Platforms = Debug|Mixed Platforms
		Debug|x86 = Debug|x86
		Release|Any CPU = Release|Any CPU
		Release|Mixed Platforms = Release|Mixed Platforms
		Release|x86 = Release|x86
	EndGlobalSection
	GlobalSection(ProjectConfigurationPlatforms) = postSolution
		{C06382A6-4B4B-437B-BE29-7B2CDB04CA42}.Debug|Any CPU.ActiveCfg = Debug|Any CPU
		{C06382A6-4B4B-437B-BE29-7B2CDB04CA42}.Debug|Any CPU.Build.0 = Debug|Any CPU
		{C06382A6-4B4B-437B-BE29-7B2CDB04CA42}.Debug|Mixed Platforms.ActiveCfg = Debug|Any CPU
		{C06382A6-4B4B-437B-BE29-7B2CDB04CA42}.Debug|Mixed Platforms.Build.0 = Debug|Any CPU
		{C06382A6-4B4B-437B-BE29-7B2CDB04CA42}.Debug|x86.ActiveCfg = Debug|Any CPU
		{C06382A6-4B4B-437B-BE29-7B2CDB04CA42}.Release|Any CPU.ActiveCfg = Release|Any CPU
		{C06382A6-4B4B-437B-BE29-7B2CDB04CA42}.Release|Any CPU.Build.0 = Release|Any CPU
		{C06382A6-4B4B-437B-BE29-7B2CDB04CA42}.Release|Mixed Platforms.ActiveCfg = Release|Any CPU
		{C06382A6-4B4B-437B-BE29-7B2CDB04CA42}.Release|Mixed Platforms.Build.0 = Release|Any CPU
		{C06382A6-4B4B-437B-BE29-7B2CDB04CA42}.Release|x86.ActiveCfg = Release|Any CPU
		{77E71D67-34DE-44CF-9B63-8B9EFF269A93}.Debug|Any CPU.ActiveCfg = Debug|Any CPU
		{77E71D67-34DE-44CF-9B63-8B9EFF269A93}.Debug|Any CPU.Build.0 = Debug|Any CPU
		{77E71D67-34DE-44CF-9B63-8B9EFF269A93}.Debug|Mixed Platforms.ActiveCfg = Debug|Any CPU
		{77E71D67-34DE-44CF-9B63-8B9EFF269A93}.Debug|Mixed Platforms.Build.0 = Debug|Any CPU
		{77E71D67-34DE-44CF-9B63-8B9EFF269A93}.Debug|x86.ActiveCfg = Debug|Any CPU
		{77E71D67-34DE-44CF-9B63-8B9EFF269A93}.Release|Any CPU.ActiveCfg = Release|Any CPU
		{77E71D67-34DE-44CF-9B63-8B9EFF269A93}.Release|Any CPU.Build.0 = Release|Any CPU
		{77E71D67-34DE-44CF-9B63-8B9EFF269A93}.Release|Mixed Platforms.ActiveCfg = Release|Any CPU
		{77E71D67-34DE-44CF-9B63-8B9EFF269A93}.Release|Mixed Platforms.Build.0 = Release|Any CPU
		{77E71D67-34DE-44CF-9B63-8B9EFF269A93}.Release|x86.ActiveCfg = Release|Any CPU
		{F1697B79-5B17-4B6A-91DB-89691DFE8440}.Debug|Any CPU.ActiveCfg = Debug|Any CPU
		{F1697B79-5B17-4B6A-91DB-89691DFE8440}.Debug|Any CPU.Build.0 = Debug|Any CPU
		{F1697B79-5B17-4B6A-91DB-89691DFE8440}.Debug|Mixed Platforms.ActiveCfg = Debug|Any CPU
		{F1697B79-5B17-4B6A-91DB-89691DFE8440}.Debug|Mixed Platforms.Build.0 = Debug|Any CPU
		{F1697B79-5B17-4B6A-91DB-89691DFE8440}.Debug|x86.ActiveCfg = Debug|Any CPU
		{F1697B79-5B17-4B6A-91DB-89691DFE8440}.Release|Any CPU.ActiveCfg = Release|Any CPU
		{F1697B79-5B17-4B6A-91DB-89691DFE8440}.Release|Any CPU.Build.0 = Release|Any CPU
		{F1697B79-5B17-4B6A-91DB-89691DFE8440}.Release|Mixed Platforms.ActiveCfg = Release|Any CPU
		{F1697B79-5B17-4B6A-91DB-89691DFE8440}.Release|Mixed Platforms.Build.0 = Release|Any CPU
		{F1697B79-5B17-4B6A-91DB-89691DFE8440}.Release|x86.ActiveCfg = Release|Any CPU
		{5475E839-87BD-4605-866D-39B92C582669}.Debug|Any CPU.ActiveCfg = Debug|Any CPU
		{5475E839-87BD-4605-866D-39B92C582669}.Debug|Any CPU.Build.0 = Debug|Any CPU
		{5475E839-87BD-4605-866D-39B92C582669}.Debug|Mixed Platforms.ActiveCfg = Debug|Any CPU
		{5475E839-87BD-4605-866D-39B92C582669}.Debug|Mixed Platforms.Build.0 = Debug|Any CPU
		{5475E839-87BD-4605-866D-39B92C582669}.Debug|x86.ActiveCfg = Debug|Any CPU
		{5475E839-87BD-4605-866D-39B92C582669}.Release|Any CPU.ActiveCfg = Release|Any CPU
		{5475E839-87BD-4605-866D-39B92C582669}.Release|Any CPU.Build.0 = Release|Any CPU
		{5475E839-87BD-4605-866D-39B92C582669}.Release|Mixed Platforms.ActiveCfg = Release|Any CPU
		{5475E839-87BD-4605-866D-39B92C582669}.Release|Mixed Platforms.Build.0 = Release|Any CPU
		{5475E839-87BD-4605-866D-39B92C582669}.Release|x86.ActiveCfg = Release|Any CPU
		{56984D81-8213-4A4F-8438-3CD507A69EC8}.Debug|Any CPU.ActiveCfg = Debug|Any CPU
		{56984D81-8213-4A4F-8438-3CD507A69EC8}.Debug|Any CPU.Build.0 = Debug|Any CPU
		{56984D81-8213-4A4F-8438-3CD507A69EC8}.Debug|Mixed Platforms.ActiveCfg = Debug|Any CPU
		{56984D81-8213-4A4F-8438-3CD507A69EC8}.Debug|Mixed Platforms.Build.0 = Debug|Any CPU
		{56984D81-8213-4A4F-8438-3CD507A69EC8}.Debug|x86.ActiveCfg = Debug|Any CPU
		{56984D81-8213-4A4F-8438-3CD507A69EC8}.Release|Any CPU.ActiveCfg = Release|Any CPU
		{56984D81-8213-4A4F-8438-3CD507A69EC8}.Release|Any CPU.Build.0 = Release|Any CPU
		{56984D81-8213-4A4F-8438-3CD507A69EC8}.Release|Mixed Platforms.ActiveCfg = Release|Any CPU
		{56984D81-8213-4A4F-8438-3CD507A69EC8}.Release|Mixed Platforms.Build.0 = Release|Any CPU
		{56984D81-8213-4A4F-8438-3CD507A69EC8}.Release|x86.ActiveCfg = Release|Any CPU
	EndGlobalSection
	GlobalSection(SolutionProperties) = preSolution
		HideSolutionNode = FALSE
	EndGlobalSection
EndGlobal
