
Microsoft Visual Studio Solution File, Format Version 12.00
# Visual Studio 14
VisualStudioVersion = 14.0.25420.1
MinimumVisualStudioVersion = 10.0.40219.1
Project("{FAE04EC0-301F-11D3-BF4B-00C04F79EFBC}") = "AudioBooker", "AudioBooker\AudioBooker.csproj", "{C06382A6-4B4B-437B-BE29-7B2CDB04CA42}"
EndProject
Project("{FAE04EC0-301F-11D3-BF4B-00C04F79EFBC}") = "ConsoleTests", "ConsoleTests\ConsoleTests.csproj", "{77E71D67-34DE-44CF-9B63-8B9EFF269A93}"
EndProject
Project("{FAE04EC0-301F-11D3-BF4B-00C04F79EFBC}") = "AudioBooker.classes", "AudioBooker.classes\AudioBooker.classes.csproj", "{F1697B79-5B17-4B6A-91DB-89691DFE8440}"
EndProject
Project("{FAE04EC0-301F-11D3-BF4B-00C04F79EFBC}") = "IlyaFranker", "IlyaFranker\IlyaFranker.csproj", "{5475E839-87BD-4605-866D-39B92C582669}"
EndProject
Project("{FAE04EC0-301F-11D3-BF4B-00C04F79EFBC}") = "Audiobooker.controls", "AudioBooker.controls\Audiobooker.controls.csproj", "{56984D81-8213-4A4F-8438-3CD507A69EC8}"
EndProject
Project("{FAE04EC0-301F-11D3-BF4B-00C04F79EFBC}") = "Miktemk", "..\MiktemkCommons\Miktemk\Miktemk.csproj", "{DB69C87C-B374-4CD7-B0CF-FAA5541B2DF6}"
EndProject
Project("{FAE04EC0-301F-11D3-BF4B-00C04F79EFBC}") = "Miktemk.Mp3", "..\MiktemkCommons\Miktemk.Mp3\Miktemk.Mp3.csproj", "{048B3D32-82AF-41E8-A11F-1F2A9A199605}"
EndProject
Project("{FAE04EC0-301F-11D3-BF4B-00C04F79EFBC}") = "AudioBooker.Wpf", "AudioBooker.Wpf\AudioBooker.Wpf.csproj", "{04B21EE5-8EFF-4E6B-818E-EE0D958C2F06}"
EndProject
Project("{FAE04EC0-301F-11D3-BF4B-00C04F79EFBC}") = "Miktemk.Wpf", "..\MiktemkCommons\Miktemk.Wpf\Miktemk.Wpf.csproj", "{DA6804E9-85DE-43C1-854E-6ABB3C85D970}"
EndProject
Project("{FAE04EC0-301F-11D3-BF4B-00C04F79EFBC}") = "Msagl.Wpf.MiktemkCopy", "Msagl.Wpf.MiktemkCopy\Msagl.Wpf.MiktemkCopy.csproj", "{B5B014A9-9286-4E8A-8BFD-9D22725C8C0D}"
EndProject
Project("{FAE04EC0-301F-11D3-BF4B-00C04F79EFBC}") = "Miktemk.Wpf.FsmViaMsagl", "Miktemk.Wpf.FsmViaMsagl\Miktemk.Wpf.FsmViaMsagl.csproj", "{6A9DB751-9D74-458B-8777-8E342923C3C3}"
EndProject
Global
	GlobalSection(SolutionConfigurationPlatforms) = preSolution
		Debug|Any CPU = Debug|Any CPU
		Debug|Mixed Platforms = Debug|Mixed Platforms
		Debug|x64 = Debug|x64
		Debug|x86 = Debug|x86
		Release|Any CPU = Release|Any CPU
		Release|Mixed Platforms = Release|Mixed Platforms
		Release|x64 = Release|x64
		Release|x86 = Release|x86
	EndGlobalSection
	GlobalSection(ProjectConfigurationPlatforms) = postSolution
		{C06382A6-4B4B-437B-BE29-7B2CDB04CA42}.Debug|Any CPU.ActiveCfg = Debug|Any CPU
		{C06382A6-4B4B-437B-BE29-7B2CDB04CA42}.Debug|Any CPU.Build.0 = Debug|Any CPU
		{C06382A6-4B4B-437B-BE29-7B2CDB04CA42}.Debug|Mixed Platforms.ActiveCfg = Debug|Any CPU
		{C06382A6-4B4B-437B-BE29-7B2CDB04CA42}.Debug|Mixed Platforms.Build.0 = Debug|Any CPU
		{C06382A6-4B4B-437B-BE29-7B2CDB04CA42}.Debug|x64.ActiveCfg = Debug|Any CPU
		{C06382A6-4B4B-437B-BE29-7B2CDB04CA42}.Debug|x64.Build.0 = Debug|Any CPU
		{C06382A6-4B4B-437B-BE29-7B2CDB04CA42}.Debug|x86.ActiveCfg = Debug|Any CPU
		{C06382A6-4B4B-437B-BE29-7B2CDB04CA42}.Release|Any CPU.ActiveCfg = Release|Any CPU
		{C06382A6-4B4B-437B-BE29-7B2CDB04CA42}.Release|Any CPU.Build.0 = Release|Any CPU
		{C06382A6-4B4B-437B-BE29-7B2CDB04CA42}.Release|Mixed Platforms.ActiveCfg = Release|Any CPU
		{C06382A6-4B4B-437B-BE29-7B2CDB04CA42}.Release|Mixed Platforms.Build.0 = Release|Any CPU
		{C06382A6-4B4B-437B-BE29-7B2CDB04CA42}.Release|x64.ActiveCfg = Release|Any CPU
		{C06382A6-4B4B-437B-BE29-7B2CDB04CA42}.Release|x64.Build.0 = Release|Any CPU
		{C06382A6-4B4B-437B-BE29-7B2CDB04CA42}.Release|x86.ActiveCfg = Release|Any CPU
		{77E71D67-34DE-44CF-9B63-8B9EFF269A93}.Debug|Any CPU.ActiveCfg = Debug|Any CPU
		{77E71D67-34DE-44CF-9B63-8B9EFF269A93}.Debug|Any CPU.Build.0 = Debug|Any CPU
		{77E71D67-34DE-44CF-9B63-8B9EFF269A93}.Debug|Mixed Platforms.ActiveCfg = Debug|Any CPU
		{77E71D67-34DE-44CF-9B63-8B9EFF269A93}.Debug|Mixed Platforms.Build.0 = Debug|Any CPU
		{77E71D67-34DE-44CF-9B63-8B9EFF269A93}.Debug|x64.ActiveCfg = Debug|Any CPU
		{77E71D67-34DE-44CF-9B63-8B9EFF269A93}.Debug|x64.Build.0 = Debug|Any CPU
		{77E71D67-34DE-44CF-9B63-8B9EFF269A93}.Debug|x86.ActiveCfg = Debug|Any CPU
		{77E71D67-34DE-44CF-9B63-8B9EFF269A93}.Release|Any CPU.ActiveCfg = Release|Any CPU
		{77E71D67-34DE-44CF-9B63-8B9EFF269A93}.Release|Any CPU.Build.0 = Release|Any CPU
		{77E71D67-34DE-44CF-9B63-8B9EFF269A93}.Release|Mixed Platforms.ActiveCfg = Release|Any CPU
		{77E71D67-34DE-44CF-9B63-8B9EFF269A93}.Release|Mixed Platforms.Build.0 = Release|Any CPU
		{77E71D67-34DE-44CF-9B63-8B9EFF269A93}.Release|x64.ActiveCfg = Release|Any CPU
		{77E71D67-34DE-44CF-9B63-8B9EFF269A93}.Release|x64.Build.0 = Release|Any CPU
		{77E71D67-34DE-44CF-9B63-8B9EFF269A93}.Release|x86.ActiveCfg = Release|Any CPU
		{F1697B79-5B17-4B6A-91DB-89691DFE8440}.Debug|Any CPU.ActiveCfg = Debug|Any CPU
		{F1697B79-5B17-4B6A-91DB-89691DFE8440}.Debug|Any CPU.Build.0 = Debug|Any CPU
		{F1697B79-5B17-4B6A-91DB-89691DFE8440}.Debug|Mixed Platforms.ActiveCfg = Debug|Any CPU
		{F1697B79-5B17-4B6A-91DB-89691DFE8440}.Debug|Mixed Platforms.Build.0 = Debug|Any CPU
		{F1697B79-5B17-4B6A-91DB-89691DFE8440}.Debug|x64.ActiveCfg = Debug|Any CPU
		{F1697B79-5B17-4B6A-91DB-89691DFE8440}.Debug|x64.Build.0 = Debug|Any CPU
		{F1697B79-5B17-4B6A-91DB-89691DFE8440}.Debug|x86.ActiveCfg = Debug|Any CPU
		{F1697B79-5B17-4B6A-91DB-89691DFE8440}.Release|Any CPU.ActiveCfg = Release|Any CPU
		{F1697B79-5B17-4B6A-91DB-89691DFE8440}.Release|Any CPU.Build.0 = Release|Any CPU
		{F1697B79-5B17-4B6A-91DB-89691DFE8440}.Release|Mixed Platforms.ActiveCfg = Release|Any CPU
		{F1697B79-5B17-4B6A-91DB-89691DFE8440}.Release|Mixed Platforms.Build.0 = Release|Any CPU
		{F1697B79-5B17-4B6A-91DB-89691DFE8440}.Release|x64.ActiveCfg = Release|Any CPU
		{F1697B79-5B17-4B6A-91DB-89691DFE8440}.Release|x64.Build.0 = Release|Any CPU
		{F1697B79-5B17-4B6A-91DB-89691DFE8440}.Release|x86.ActiveCfg = Release|Any CPU
		{5475E839-87BD-4605-866D-39B92C582669}.Debug|Any CPU.ActiveCfg = Debug|Any CPU
		{5475E839-87BD-4605-866D-39B92C582669}.Debug|Any CPU.Build.0 = Debug|Any CPU
		{5475E839-87BD-4605-866D-39B92C582669}.Debug|Mixed Platforms.ActiveCfg = Debug|Any CPU
		{5475E839-87BD-4605-866D-39B92C582669}.Debug|Mixed Platforms.Build.0 = Debug|Any CPU
		{5475E839-87BD-4605-866D-39B92C582669}.Debug|x64.ActiveCfg = Debug|Any CPU
		{5475E839-87BD-4605-866D-39B92C582669}.Debug|x86.ActiveCfg = Debug|Any CPU
		{5475E839-87BD-4605-866D-39B92C582669}.Release|Any CPU.ActiveCfg = Release|Any CPU
		{5475E839-87BD-4605-866D-39B92C582669}.Release|Any CPU.Build.0 = Release|Any CPU
		{5475E839-87BD-4605-866D-39B92C582669}.Release|Mixed Platforms.ActiveCfg = Release|Any CPU
		{5475E839-87BD-4605-866D-39B92C582669}.Release|Mixed Platforms.Build.0 = Release|Any CPU
		{5475E839-87BD-4605-866D-39B92C582669}.Release|x64.ActiveCfg = Release|Any CPU
		{5475E839-87BD-4605-866D-39B92C582669}.Release|x86.ActiveCfg = Release|Any CPU
		{56984D81-8213-4A4F-8438-3CD507A69EC8}.Debug|Any CPU.ActiveCfg = Debug|Any CPU
		{56984D81-8213-4A4F-8438-3CD507A69EC8}.Debug|Any CPU.Build.0 = Debug|Any CPU
		{56984D81-8213-4A4F-8438-3CD507A69EC8}.Debug|Mixed Platforms.ActiveCfg = Debug|Any CPU
		{56984D81-8213-4A4F-8438-3CD507A69EC8}.Debug|Mixed Platforms.Build.0 = Debug|Any CPU
		{56984D81-8213-4A4F-8438-3CD507A69EC8}.Debug|x64.ActiveCfg = Debug|Any CPU
		{56984D81-8213-4A4F-8438-3CD507A69EC8}.Debug|x64.Build.0 = Debug|Any CPU
		{56984D81-8213-4A4F-8438-3CD507A69EC8}.Debug|x86.ActiveCfg = Debug|Any CPU
		{56984D81-8213-4A4F-8438-3CD507A69EC8}.Release|Any CPU.ActiveCfg = Release|Any CPU
		{56984D81-8213-4A4F-8438-3CD507A69EC8}.Release|Any CPU.Build.0 = Release|Any CPU
		{56984D81-8213-4A4F-8438-3CD507A69EC8}.Release|Mixed Platforms.ActiveCfg = Release|Any CPU
		{56984D81-8213-4A4F-8438-3CD507A69EC8}.Release|Mixed Platforms.Build.0 = Release|Any CPU
		{56984D81-8213-4A4F-8438-3CD507A69EC8}.Release|x64.ActiveCfg = Release|Any CPU
		{56984D81-8213-4A4F-8438-3CD507A69EC8}.Release|x64.Build.0 = Release|Any CPU
		{56984D81-8213-4A4F-8438-3CD507A69EC8}.Release|x86.ActiveCfg = Release|Any CPU
		{DB69C87C-B374-4CD7-B0CF-FAA5541B2DF6}.Debug|Any CPU.ActiveCfg = Debug|Any CPU
		{DB69C87C-B374-4CD7-B0CF-FAA5541B2DF6}.Debug|Any CPU.Build.0 = Debug|Any CPU
		{DB69C87C-B374-4CD7-B0CF-FAA5541B2DF6}.Debug|Mixed Platforms.ActiveCfg = Debug|Any CPU
		{DB69C87C-B374-4CD7-B0CF-FAA5541B2DF6}.Debug|Mixed Platforms.Build.0 = Debug|Any CPU
		{DB69C87C-B374-4CD7-B0CF-FAA5541B2DF6}.Debug|x64.ActiveCfg = Debug|Any CPU
		{DB69C87C-B374-4CD7-B0CF-FAA5541B2DF6}.Debug|x64.Build.0 = Debug|Any CPU
		{DB69C87C-B374-4CD7-B0CF-FAA5541B2DF6}.Debug|x86.ActiveCfg = Debug|Any CPU
		{DB69C87C-B374-4CD7-B0CF-FAA5541B2DF6}.Release|Any CPU.ActiveCfg = Release|Any CPU
		{DB69C87C-B374-4CD7-B0CF-FAA5541B2DF6}.Release|Any CPU.Build.0 = Release|Any CPU
		{DB69C87C-B374-4CD7-B0CF-FAA5541B2DF6}.Release|Mixed Platforms.ActiveCfg = Release|Any CPU
		{DB69C87C-B374-4CD7-B0CF-FAA5541B2DF6}.Release|Mixed Platforms.Build.0 = Release|Any CPU
		{DB69C87C-B374-4CD7-B0CF-FAA5541B2DF6}.Release|x64.ActiveCfg = Release|Any CPU
		{DB69C87C-B374-4CD7-B0CF-FAA5541B2DF6}.Release|x64.Build.0 = Release|Any CPU
		{DB69C87C-B374-4CD7-B0CF-FAA5541B2DF6}.Release|x86.ActiveCfg = Release|Any CPU
		{048B3D32-82AF-41E8-A11F-1F2A9A199605}.Debug|Any CPU.ActiveCfg = Debug|Any CPU
		{048B3D32-82AF-41E8-A11F-1F2A9A199605}.Debug|Any CPU.Build.0 = Debug|Any CPU
		{048B3D32-82AF-41E8-A11F-1F2A9A199605}.Debug|Mixed Platforms.ActiveCfg = Debug|Any CPU
		{048B3D32-82AF-41E8-A11F-1F2A9A199605}.Debug|Mixed Platforms.Build.0 = Debug|Any CPU
		{048B3D32-82AF-41E8-A11F-1F2A9A199605}.Debug|x64.ActiveCfg = Debug|Any CPU
		{048B3D32-82AF-41E8-A11F-1F2A9A199605}.Debug|x64.Build.0 = Debug|Any CPU
		{048B3D32-82AF-41E8-A11F-1F2A9A199605}.Debug|x86.ActiveCfg = Debug|Any CPU
		{048B3D32-82AF-41E8-A11F-1F2A9A199605}.Release|Any CPU.ActiveCfg = Release|Any CPU
		{048B3D32-82AF-41E8-A11F-1F2A9A199605}.Release|Any CPU.Build.0 = Release|Any CPU
		{048B3D32-82AF-41E8-A11F-1F2A9A199605}.Release|Mixed Platforms.ActiveCfg = Release|Any CPU
		{048B3D32-82AF-41E8-A11F-1F2A9A199605}.Release|Mixed Platforms.Build.0 = Release|Any CPU
		{048B3D32-82AF-41E8-A11F-1F2A9A199605}.Release|x64.ActiveCfg = Release|Any CPU
		{048B3D32-82AF-41E8-A11F-1F2A9A199605}.Release|x64.Build.0 = Release|Any CPU
		{048B3D32-82AF-41E8-A11F-1F2A9A199605}.Release|x86.ActiveCfg = Release|Any CPU
		{04B21EE5-8EFF-4E6B-818E-EE0D958C2F06}.Debug|Any CPU.ActiveCfg = Debug|Any CPU
		{04B21EE5-8EFF-4E6B-818E-EE0D958C2F06}.Debug|Any CPU.Build.0 = Debug|Any CPU
		{04B21EE5-8EFF-4E6B-818E-EE0D958C2F06}.Debug|Mixed Platforms.ActiveCfg = Debug|Any CPU
		{04B21EE5-8EFF-4E6B-818E-EE0D958C2F06}.Debug|Mixed Platforms.Build.0 = Debug|Any CPU
		{04B21EE5-8EFF-4E6B-818E-EE0D958C2F06}.Debug|x64.ActiveCfg = Debug|Any CPU
		{04B21EE5-8EFF-4E6B-818E-EE0D958C2F06}.Debug|x64.Build.0 = Debug|Any CPU
		{04B21EE5-8EFF-4E6B-818E-EE0D958C2F06}.Debug|x86.ActiveCfg = Debug|Any CPU
		{04B21EE5-8EFF-4E6B-818E-EE0D958C2F06}.Debug|x86.Build.0 = Debug|Any CPU
		{04B21EE5-8EFF-4E6B-818E-EE0D958C2F06}.Release|Any CPU.ActiveCfg = Release|Any CPU
		{04B21EE5-8EFF-4E6B-818E-EE0D958C2F06}.Release|Any CPU.Build.0 = Release|Any CPU
		{04B21EE5-8EFF-4E6B-818E-EE0D958C2F06}.Release|Mixed Platforms.ActiveCfg = Release|Any CPU
		{04B21EE5-8EFF-4E6B-818E-EE0D958C2F06}.Release|Mixed Platforms.Build.0 = Release|Any CPU
		{04B21EE5-8EFF-4E6B-818E-EE0D958C2F06}.Release|x64.ActiveCfg = Release|Any CPU
		{04B21EE5-8EFF-4E6B-818E-EE0D958C2F06}.Release|x64.Build.0 = Release|Any CPU
		{04B21EE5-8EFF-4E6B-818E-EE0D958C2F06}.Release|x86.ActiveCfg = Release|Any CPU
		{04B21EE5-8EFF-4E6B-818E-EE0D958C2F06}.Release|x86.Build.0 = Release|Any CPU
		{DA6804E9-85DE-43C1-854E-6ABB3C85D970}.Debug|Any CPU.ActiveCfg = Debug|Any CPU
		{DA6804E9-85DE-43C1-854E-6ABB3C85D970}.Debug|Any CPU.Build.0 = Debug|Any CPU
		{DA6804E9-85DE-43C1-854E-6ABB3C85D970}.Debug|Mixed Platforms.ActiveCfg = Debug|Any CPU
		{DA6804E9-85DE-43C1-854E-6ABB3C85D970}.Debug|Mixed Platforms.Build.0 = Debug|Any CPU
		{DA6804E9-85DE-43C1-854E-6ABB3C85D970}.Debug|x64.ActiveCfg = Debug|Any CPU
		{DA6804E9-85DE-43C1-854E-6ABB3C85D970}.Debug|x64.Build.0 = Debug|Any CPU
		{DA6804E9-85DE-43C1-854E-6ABB3C85D970}.Debug|x86.ActiveCfg = Debug|Any CPU
		{DA6804E9-85DE-43C1-854E-6ABB3C85D970}.Debug|x86.Build.0 = Debug|Any CPU
		{DA6804E9-85DE-43C1-854E-6ABB3C85D970}.Release|Any CPU.ActiveCfg = Release|Any CPU
		{DA6804E9-85DE-43C1-854E-6ABB3C85D970}.Release|Any CPU.Build.0 = Release|Any CPU
		{DA6804E9-85DE-43C1-854E-6ABB3C85D970}.Release|Mixed Platforms.ActiveCfg = Release|Any CPU
		{DA6804E9-85DE-43C1-854E-6ABB3C85D970}.Release|Mixed Platforms.Build.0 = Release|Any CPU
		{DA6804E9-85DE-43C1-854E-6ABB3C85D970}.Release|x64.ActiveCfg = Release|Any CPU
		{DA6804E9-85DE-43C1-854E-6ABB3C85D970}.Release|x64.Build.0 = Release|Any CPU
		{DA6804E9-85DE-43C1-854E-6ABB3C85D970}.Release|x86.ActiveCfg = Release|Any CPU
		{DA6804E9-85DE-43C1-854E-6ABB3C85D970}.Release|x86.Build.0 = Release|Any CPU
		{B5B014A9-9286-4E8A-8BFD-9D22725C8C0D}.Debug|Any CPU.ActiveCfg = Debug|Any CPU
		{B5B014A9-9286-4E8A-8BFD-9D22725C8C0D}.Debug|Any CPU.Build.0 = Debug|Any CPU
		{B5B014A9-9286-4E8A-8BFD-9D22725C8C0D}.Debug|Mixed Platforms.ActiveCfg = Debug|x86
		{B5B014A9-9286-4E8A-8BFD-9D22725C8C0D}.Debug|Mixed Platforms.Build.0 = Debug|x86
		{B5B014A9-9286-4E8A-8BFD-9D22725C8C0D}.Debug|x64.ActiveCfg = Debug|x64
		{B5B014A9-9286-4E8A-8BFD-9D22725C8C0D}.Debug|x64.Build.0 = Debug|x64
		{B5B014A9-9286-4E8A-8BFD-9D22725C8C0D}.Debug|x86.ActiveCfg = Debug|x86
		{B5B014A9-9286-4E8A-8BFD-9D22725C8C0D}.Debug|x86.Build.0 = Debug|x86
		{B5B014A9-9286-4E8A-8BFD-9D22725C8C0D}.Release|Any CPU.ActiveCfg = Release|Any CPU
		{B5B014A9-9286-4E8A-8BFD-9D22725C8C0D}.Release|Any CPU.Build.0 = Release|Any CPU
		{B5B014A9-9286-4E8A-8BFD-9D22725C8C0D}.Release|Mixed Platforms.ActiveCfg = Release|x86
		{B5B014A9-9286-4E8A-8BFD-9D22725C8C0D}.Release|Mixed Platforms.Build.0 = Release|x86
		{B5B014A9-9286-4E8A-8BFD-9D22725C8C0D}.Release|x64.ActiveCfg = Release|x64
		{B5B014A9-9286-4E8A-8BFD-9D22725C8C0D}.Release|x64.Build.0 = Release|x64
		{B5B014A9-9286-4E8A-8BFD-9D22725C8C0D}.Release|x86.ActiveCfg = Release|x86
		{B5B014A9-9286-4E8A-8BFD-9D22725C8C0D}.Release|x86.Build.0 = Release|x86
		{6A9DB751-9D74-458B-8777-8E342923C3C3}.Debug|Any CPU.ActiveCfg = Debug|Any CPU
		{6A9DB751-9D74-458B-8777-8E342923C3C3}.Debug|Any CPU.Build.0 = Debug|Any CPU
		{6A9DB751-9D74-458B-8777-8E342923C3C3}.Debug|Mixed Platforms.ActiveCfg = Debug|Any CPU
		{6A9DB751-9D74-458B-8777-8E342923C3C3}.Debug|Mixed Platforms.Build.0 = Debug|Any CPU
		{6A9DB751-9D74-458B-8777-8E342923C3C3}.Debug|x64.ActiveCfg = Debug|Any CPU
		{6A9DB751-9D74-458B-8777-8E342923C3C3}.Debug|x64.Build.0 = Debug|Any CPU
		{6A9DB751-9D74-458B-8777-8E342923C3C3}.Debug|x86.ActiveCfg = Debug|Any CPU
		{6A9DB751-9D74-458B-8777-8E342923C3C3}.Debug|x86.Build.0 = Debug|Any CPU
		{6A9DB751-9D74-458B-8777-8E342923C3C3}.Release|Any CPU.ActiveCfg = Release|Any CPU
		{6A9DB751-9D74-458B-8777-8E342923C3C3}.Release|Any CPU.Build.0 = Release|Any CPU
		{6A9DB751-9D74-458B-8777-8E342923C3C3}.Release|Mixed Platforms.ActiveCfg = Release|Any CPU
		{6A9DB751-9D74-458B-8777-8E342923C3C3}.Release|Mixed Platforms.Build.0 = Release|Any CPU
		{6A9DB751-9D74-458B-8777-8E342923C3C3}.Release|x64.ActiveCfg = Release|Any CPU
		{6A9DB751-9D74-458B-8777-8E342923C3C3}.Release|x64.Build.0 = Release|Any CPU
		{6A9DB751-9D74-458B-8777-8E342923C3C3}.Release|x86.ActiveCfg = Release|Any CPU
		{6A9DB751-9D74-458B-8777-8E342923C3C3}.Release|x86.Build.0 = Release|Any CPU
	EndGlobalSection
	GlobalSection(SolutionProperties) = preSolution
		HideSolutionNode = FALSE
	EndGlobalSection
EndGlobal
